
Microsoft Visual Studio Solution File, Format Version 12.00
# Visual Studio Version 16
VisualStudioVersion = 16.0.31105.61
MinimumVisualStudioVersion = 10.0.40219.1
Project("{FAE04EC0-301F-11D3-BF4B-00C04F79EFBC}") = "Pharmacy", "Pharmacy\Pharmacy.csproj", "{B1AAC476-6F0E-48EA-890A-858B3A7C9CFE}"
EndProject
Global
	GlobalSection(SolutionConfigurationPlatforms) = preSolution
		Debug|Any CPU = Debug|Any CPU
		Release|Any CPU = Release|Any CPU
	EndGlobalSection
	GlobalSection(ProjectConfigurationPlatforms) = postSolution
		{B1AAC476-6F0E-48EA-890A-858B3A7C9CFE}.Debug|Any CPU.ActiveCfg = Debug|Any CPU
		{B1AAC476-6F0E-48EA-890A-858B3A7C9CFE}.Debug|Any CPU.Build.0 = Debug|Any CPU
		{B1AAC476-6F0E-48EA-890A-858B3A7C9CFE}.Release|Any CPU.ActiveCfg = Release|Any CPU
		{B1AAC476-6F0E-48EA-890A-858B3A7C9CFE}.Release|Any CPU.Build.0 = Release|Any CPU
	EndGlobalSection
	GlobalSection(SolutionProperties) = preSolution
		HideSolutionNode = FALSE
	EndGlobalSection
	GlobalSection(ExtensibilityGlobals) = postSolution
		SolutionGuid = {4F02C68F-689F-4ED1-9E8D-544F7978AC9C}
	EndGlobalSection
EndGlobal
